
Microsoft Visual Studio Solution File, Format Version 12.00
# Visual Studio Version 17
VisualStudioVersion = 17.4.33110.190
MinimumVisualStudioVersion = 10.0.40219.1
Project("{FAE04EC0-301F-11D3-BF4B-00C04F79EFBC}") = "N-th Tribonacci Number", "N-th Tribonacci Number\N-th Tribonacci Number.csproj", "{9664360E-2C21-42A0-8A13-26BF008B10C6}"
EndProject
Global
	GlobalSection(SolutionConfigurationPlatforms) = preSolution
		Debug|Any CPU = Debug|Any CPU
		Release|Any CPU = Release|Any CPU
	EndGlobalSection
	GlobalSection(ProjectConfigurationPlatforms) = postSolution
		{9664360E-2C21-42A0-8A13-26BF008B10C6}.Debug|Any CPU.ActiveCfg = Debug|Any CPU
		{9664360E-2C21-42A0-8A13-26BF008B10C6}.Debug|Any CPU.Build.0 = Debug|Any CPU
		{9664360E-2C21-42A0-8A13-26BF008B10C6}.Release|Any CPU.ActiveCfg = Release|Any CPU
		{9664360E-2C21-42A0-8A13-26BF008B10C6}.Release|Any CPU.Build.0 = Release|Any CPU
	EndGlobalSection
	GlobalSection(SolutionProperties) = preSolution
		HideSolutionNode = FALSE
	EndGlobalSection
	GlobalSection(ExtensibilityGlobals) = postSolution
		SolutionGuid = {BFD36910-7A30-4C35-8953-378C9D3CA985}
	EndGlobalSection
EndGlobal
